
Microsoft Visual Studio Solution File, Format Version 12.00
# Visual Studio Version 17
VisualStudioVersion = 17.11.35208.52
MinimumVisualStudioVersion = 10.0.40219.1
Project("{9A19103F-16F7-4668-BE54-9A1E7A4F7556}") = "ECommerce.Api", "ECommerce.Api\ECommerce.Api.csproj", "{FF776BA4-AA49-493B-B316-3BBE6CA5DB41}"
EndProject
Project("{9A19103F-16F7-4668-BE54-9A1E7A4F7556}") = "Ecommerce.library", "Ecommerce.library\Ecommerce.library.csproj", "{EDB8FE79-CA04-45DD-B503-0AFD015870D9}"
EndProject
Project("{FAE04EC0-301F-11D3-BF4B-00C04F79EFBC}") = "Ecommerce.client", "Ecommerce.client\Ecommerce.client.csproj", "{3F13961D-FAC0-4276-810C-329CAB1FBD04}"
EndProject
Global
	GlobalSection(SolutionConfigurationPlatforms) = preSolution
		Debug|Any CPU = Debug|Any CPU
		Release|Any CPU = Release|Any CPU
	EndGlobalSection
	GlobalSection(ProjectConfigurationPlatforms) = postSolution
		{FF776BA4-AA49-493B-B316-3BBE6CA5DB41}.Debug|Any CPU.ActiveCfg = Debug|Any CPU
		{FF776BA4-AA49-493B-B316-3BBE6CA5DB41}.Debug|Any CPU.Build.0 = Debug|Any CPU
		{FF776BA4-AA49-493B-B316-3BBE6CA5DB41}.Release|Any CPU.ActiveCfg = Release|Any CPU
		{FF776BA4-AA49-493B-B316-3BBE6CA5DB41}.Release|Any CPU.Build.0 = Release|Any CPU
		{EDB8FE79-CA04-45DD-B503-0AFD015870D9}.Debug|Any CPU.ActiveCfg = Debug|Any CPU
		{EDB8FE79-CA04-45DD-B503-0AFD015870D9}.Debug|Any CPU.Build.0 = Debug|Any CPU
		{EDB8FE79-CA04-45DD-B503-0AFD015870D9}.Release|Any CPU.ActiveCfg = Release|Any CPU
		{EDB8FE79-CA04-45DD-B503-0AFD015870D9}.Release|Any CPU.Build.0 = Release|Any CPU
		{3F13961D-FAC0-4276-810C-329CAB1FBD04}.Debug|Any CPU.ActiveCfg = Debug|Any CPU
		{3F13961D-FAC0-4276-810C-329CAB1FBD04}.Debug|Any CPU.Build.0 = Debug|Any CPU
		{3F13961D-FAC0-4276-810C-329CAB1FBD04}.Debug|Any CPU.Deploy.0 = Debug|Any CPU
		{3F13961D-FAC0-4276-810C-329CAB1FBD04}.Release|Any CPU.ActiveCfg = Release|Any CPU
		{3F13961D-FAC0-4276-810C-329CAB1FBD04}.Release|Any CPU.Build.0 = Release|Any CPU
		{3F13961D-FAC0-4276-810C-329CAB1FBD04}.Release|Any CPU.Deploy.0 = Release|Any CPU
	EndGlobalSection
	GlobalSection(SolutionProperties) = preSolution
		HideSolutionNode = FALSE
	EndGlobalSection
	GlobalSection(ExtensibilityGlobals) = postSolution
		SolutionGuid = {0C5C1333-DC08-40AF-B849-7579B3C6BE86}
	EndGlobalSection
EndGlobal
